
Microsoft Visual Studio Solution File, Format Version 12.00
# Visual Studio 15
Project("{FAE04EC0-301F-11D3-BF4B-00C04F79EFBC}") = "SuperTiled2Unity", "SuperTiled2Unity.csproj", "{52A3CC83-F1F8-0952-F0AE-42EA66C58529}"
EndProject
Project("{FAE04EC0-301F-11D3-BF4B-00C04F79EFBC}") = "Assembly-CSharp", "Assembly-CSharp.csproj", "{54224281-00C0-8D72-469A-A4969A6148EE}"
EndProject
Project("{FAE04EC0-301F-11D3-BF4B-00C04F79EFBC}") = "SuperTiled2UnityEditor", "SuperTiled2UnityEditor.csproj", "{C89ECB45-2D17-2868-41F7-37D11C37DBB3}"
EndProject
Global
	GlobalSection(SolutionConfigurationPlatforms) = preSolution
		Debug|Any CPU = Debug|Any CPU
		Release|Any CPU = Release|Any CPU
	EndGlobalSection
	GlobalSection(ProjectConfigurationPlatforms) = postSolution
		{52A3CC83-F1F8-0952-F0AE-42EA66C58529}.Debug|Any CPU.ActiveCfg = Debug|Any CPU
		{52A3CC83-F1F8-0952-F0AE-42EA66C58529}.Debug|Any CPU.Build.0 = Debug|Any CPU
		{52A3CC83-F1F8-0952-F0AE-42EA66C58529}.Release|Any CPU.ActiveCfg = Release|Any CPU
		{52A3CC83-F1F8-0952-F0AE-42EA66C58529}.Release|Any CPU.Build.0 = Release|Any CPU
		{54224281-00C0-8D72-469A-A4969A6148EE}.Debug|Any CPU.ActiveCfg = Debug|Any CPU
		{54224281-00C0-8D72-469A-A4969A6148EE}.Debug|Any CPU.Build.0 = Debug|Any CPU
		{54224281-00C0-8D72-469A-A4969A6148EE}.Release|Any CPU.ActiveCfg = Release|Any CPU
		{54224281-00C0-8D72-469A-A4969A6148EE}.Release|Any CPU.Build.0 = Release|Any CPU
		{C89ECB45-2D17-2868-41F7-37D11C37DBB3}.Debug|Any CPU.ActiveCfg = Debug|Any CPU
		{C89ECB45-2D17-2868-41F7-37D11C37DBB3}.Debug|Any CPU.Build.0 = Debug|Any CPU
		{C89ECB45-2D17-2868-41F7-37D11C37DBB3}.Release|Any CPU.ActiveCfg = Release|Any CPU
		{C89ECB45-2D17-2868-41F7-37D11C37DBB3}.Release|Any CPU.Build.0 = Release|Any CPU
	EndGlobalSection
	GlobalSection(SolutionProperties) = preSolution
		HideSolutionNode = FALSE
	EndGlobalSection
EndGlobal
